<?xml version="1.0" encoding="UTF-8"?>
<!DOCTYPE plist PUBLIC "-//Apple//DTD PLIST 1.0//EN" "http://www.apple.com/DTDs/PropertyList-1.0.dtd">
<plist version="1.0">
<dict>
	<key>archiveVersion</key>
	<string>1</string>
	<key>classes</key>
	<dict/>
	<key>objectVersion</key>
	<string>46</string>
	<key>objects</key>
	<dict>
		<key>2C39B0AD15A74E909717B24F</key>
		<dict>
			<key>buildSettings</key>
			<dict>
				<key>ALWAYS_SEARCH_USER_PATHS</key>
				<string>NO</string>
				<key>CLANG_CXX_LANGUAGE_STANDARD</key>
				<string>gnu++0x</string>
				<key>CLANG_CXX_LIBRARY</key>
				<string>libc++</string>
				<key>CLANG_ENABLE_MODULES</key>
				<string>YES</string>
				<key>CLANG_ENABLE_OBJC_ARC</key>
				<string>YES</string>
				<key>CLANG_WARN_BOOL_CONVERSION</key>
				<string>YES</string>
				<key>CLANG_WARN_CONSTANT_CONVERSION</key>
				<string>YES</string>
				<key>CLANG_WARN_DIRECT_OBJC_ISA_USAGE</key>
				<string>YES_ERROR</string>
				<key>CLANG_WARN_EMPTY_BODY</key>
				<string>YES</string>
				<key>CLANG_WARN_ENUM_CONVERSION</key>
				<string>YES</string>
				<key>CLANG_WARN_INT_CONVERSION</key>
				<string>YES</string>
				<key>CLANG_WARN_OBJC_ROOT_CLASS</key>
				<string>YES_ERROR</string>
				<key>COPY_PHASE_STRIP</key>
				<string>YES</string>
				<key>GCC_C_LANGUAGE_STANDARD</key>
				<string>gnu99</string>
				<key>GCC_DYNAMIC_NO_PIC</key>
				<string>NO</string>
				<key>GCC_GENERATE_TEST_COVERAGE_FILES</key>
				<array>
					<string>YES</string>
				</array>
				<key>GCC_INSTRUMENT_PROGRAM_FLOW_ARCS</key>
				<array>
					<string>YES</string>
				</array>
				<key>GCC_OPTIMIZATION_LEVEL</key>
				<string>0</string>
				<key>GCC_PREPROCESSOR_DEFINITIONS</key>
				<array>
					<string>DEBUG=1</string>
					<string>$(inherited)</string>
				</array>
				<key>GCC_SYMBOLS_PRIVATE_EXTERN</key>
				<string>NO</string>
				<key>GCC_WARN_64_TO_32_BIT_CONVERSION</key>
				<string>YES</string>
				<key>GCC_WARN_ABOUT_RETURN_TYPE</key>
				<string>YES_ERROR</string>
				<key>GCC_WARN_UNDECLARED_SELECTOR</key>
				<string>YES</string>
				<key>GCC_WARN_UNINITIALIZED_AUTOS</key>
				<string>YES</string>
				<key>GCC_WARN_UNUSED_FUNCTION</key>
				<string>YES</string>
				<key>GCC_WARN_UNUSED_VARIABLE</key>
				<string>YES</string>
				<key>ONLY_ACTIVE_ARCH</key>
				<string>YES</string>
			</dict>
			<key>isa</key>
			<string>XCBuildConfiguration</string>
			<key>name</key>
			<string>Coverage</string>
		</dict>
		<key>7BB6EB3C18109B4300104585</key>
		<dict>
			<key>fileEncoding</key>
			<string>4</string>
			<key>isa</key>
			<string>PBXFileReference</string>
			<key>lastKnownFileType</key>
			<string>sourcecode.c.objc</string>
			<key>path</key>
			<string>math.m</string>
			<key>sourceTree</key>
			<string>&lt;group&gt;</string>
		</dict>
		<key>7BB6EB3D18109B4300104585</key>
		<dict>
			<key>fileRef</key>
			<string>7BB6EB3C18109B4300104585</string>
			<key>isa</key>
			<string>PBXBuildFile</string>
		</dict>
		<key>7BE252FD1804CEC700F8009D</key>
		<dict>
			<key>children</key>
			<array>
				<string>7BE253111804CEC700F8009D</string>
				<string>7BE253351804CEC700F8009D</string>
				<string>7BE253081804CEC700F8009D</string>
				<string>7BE253071804CEC700F8009D</string>
			</array>
			<key>isa</key>
			<string>PBXGroup</string>
			<key>sourceTree</key>
			<string>&lt;group&gt;</string>
		</dict>
		<key>7BE252FE1804CEC700F8009D</key>
		<dict>
			<key>attributes</key>
			<dict>
				<key>CLASSPREFIX</key>
				<string>LIY</string>
				<key>LastUpgradeCheck</key>
				<string>0500</string>
				<key>ORGANIZATIONNAME</key>
				<string>Jason Cheladyn</string>
				<key>TargetAttributes</key>
				<dict>
					<key>7BE2532D1804CEC700F8009D</key>
					<dict>
						<key>TestTargetID</key>
						<string>7BE253051804CEC700F8009D</string>
					</dict>
				</dict>
			</dict>
			<key>buildConfigurationList</key>
			<string>7BE253011804CEC700F8009D</string>
			<key>compatibilityVersion</key>
			<string>Xcode 3.2</string>
			<key>developmentRegion</key>
			<string>English</string>
			<key>hasScannedForEncodings</key>
			<string>0</string>
			<key>isa</key>
			<string>PBXProject</string>
			<key>knownRegions</key>
			<array>
				<string>en</string>
				<string>Base</string>
			</array>
			<key>mainGroup</key>
			<string>7BE252FD1804CEC700F8009D</string>
			<key>productRefGroup</key>
			<string>7BE253071804CEC700F8009D</string>
			<key>projectDirPath</key>
			<string></string>
			<key>projectReferences</key>
			<array/>
			<key>projectRoot</key>
			<string></string>
			<key>targets</key>
			<array>
				<string>7BE253051804CEC700F8009D</string>
				<string>7BE2532D1804CEC700F8009D</string>
			</array>
		</dict>
		<key>7BE253011804CEC700F8009D</key>
		<dict>
			<key>buildConfigurations</key>
			<array>
				<string>7BE2533D1804CEC800F8009D</string>
				<string>7BE2533E1804CEC800F8009D</string>
				<string>2C39B0AD15A74E909717B24F</string>
			</array>
			<key>defaultConfigurationIsVisible</key>
			<string>0</string>
			<key>defaultConfigurationName</key>
			<string>Release</string>
			<key>isa</key>
			<string>XCConfigurationList</string>
		</dict>
		<key>7BE253021804CEC700F8009D</key>
		<dict>
			<key>buildActionMask</key>
			<string>2147483647</string>
			<key>files</key>
			<array>
				<string>7BB6EB3D18109B4300104585</string>
				<string>7BE253221804CEC700F8009D</string>
				<string>7BE253251804CEC700F8009D</string>
				<string>7BE253181804CEC700F8009D</string>
				<string>7BE2531C1804CEC700F8009D</string>
			</array>
			<key>isa</key>
			<string>PBXSourcesBuildPhase</string>
			<key>runOnlyForDeploymentPostprocessing</key>
			<string>0</string>
		</dict>
		<key>7BE253031804CEC700F8009D</key>
		<dict>
			<key>buildActionMask</key>
			<string>2147483647</string>
			<key>files</key>
			<array>
				<string>7BE2530C1804CEC700F8009D</string>
				<string>7BE2530E1804CEC700F8009D</string>
				<string>7BE253101804CEC700F8009D</string>
				<string>7BE2530A1804CEC700F8009D</string>
			</array>
			<key>isa</key>
			<string>PBXFrameworksBuildPhase</string>
			<key>runOnlyForDeploymentPostprocessing</key>
			<string>0</string>
		</dict>
		<key>7BE253041804CEC700F8009D</key>
		<dict>
			<key>buildActionMask</key>
			<string>2147483647</string>
			<key>files</key>
			<array>
				<string>7BE2536F1804E9DD00F8009D</string>
				<string>7BE253761804E9DD00F8009D</string>
				<string>7BE2536A1804E9DD00F8009D</string>
				<string>7BE253711804E9DD00F8009D</string>
				<string>7BE253161804CEC700F8009D</string>
				<string>7BE253671804E9DD00F8009D</string>
				<string>7BE253641804E9DD00F8009D</string>
				<string>7BE253721804E9DD00F8009D</string>
				<string>7BE253621804E9DD00F8009D</string>
				<string>7BE253291804CEC700F8009D</string>
				<string>7BE253741804E9DD00F8009D</string>
				<string>7BE253271804CEC700F8009D</string>
				<string>7BE2536D1804E9DD00F8009D</string>
				<string>7BE2536B1804E9DD00F8009D</string>
				<string>7BE253661804E9DD00F8009D</string>
				<string>7BE253731804E9DD00F8009D</string>
				<string>7BE253791804E9DD00F8009D</string>
				<string>7BE253781804E9DD00F8009D</string>
				<string>7BE253631804E9DD00F8009D</string>
				<string>7BE253681804E9DD00F8009D</string>
				<string>7BE253691804E9DD00F8009D</string>
				<string>7BE2536C1804E9DD00F8009D</string>
				<string>7BE253701804E9DD00F8009D</string>
				<string>7BE253771804E9DD00F8009D</string>
				<string>7BE253651804E9DD00F8009D</string>
				<string>7BE2536E1804E9DD00F8009D</string>
				<string>7BE253751804E9DD00F8009D</string>
				<string>7BE2531F1804CEC700F8009D</string>
				<string>7BE2537A1804E9DD00F8009D</string>
			</array>
			<key>isa</key>
			<string>PBXResourcesBuildPhase</string>
			<key>runOnlyForDeploymentPostprocessing</key>
			<string>0</string>
		</dict>
		<key>7BE253051804CEC700F8009D</key>
		<dict>
			<key>buildConfigurationList</key>
			<string>7BE2533F1804CEC800F8009D</string>
			<key>buildPhases</key>
			<array>
				<string>7BE253021804CEC700F8009D</string>
				<string>7BE253031804CEC700F8009D</string>
				<string>7BE253041804CEC700F8009D</string>
			</array>
			<key>buildRules</key>
			<array/>
			<key>dependencies</key>
			<array/>
			<key>isa</key>
			<string>PBXNativeTarget</string>
			<key>name</key>
			<string>ZombieCongaRW</string>
			<key>productName</key>
			<string>ZombieCongaRW</string>
			<key>productReference</key>
			<string>7BE253061804CEC700F8009D</string>
			<key>productType</key>
			<string>com.apple.product-type.application</string>
		</dict>
		<key>7BE253061804CEC700F8009D</key>
		<dict>
			<key>explicitFileType</key>
			<string>wrapper.application</string>
			<key>includeInIndex</key>
			<string>0</string>
			<key>isa</key>
			<string>PBXFileReference</string>
			<key>path</key>
			<string>ZombieCongaRW.app</string>
			<key>sourceTree</key>
			<string>BUILT_PRODUCTS_DIR</string>
		</dict>
		<key>7BE253071804CEC700F8009D</key>
		<dict>
			<key>children</key>
			<array>
				<string>7BE253061804CEC700F8009D</string>
				<string>7BE2532E1804CEC700F8009D</string>
			</array>
			<key>isa</key>
			<string>PBXGroup</string>
			<key>name</key>
			<string>Products</string>
			<key>sourceTree</key>
			<string>&lt;group&gt;</string>
		</dict>
		<key>7BE253081804CEC700F8009D</key>
		<dict>
			<key>children</key>
			<array>
				<string>7BE253091804CEC700F8009D</string>
				<string>7BE2530B1804CEC700F8009D</string>
				<string>7BE2530D1804CEC700F8009D</string>
				<string>7BE2530F1804CEC700F8009D</string>
				<string>7BE2532F1804CEC700F8009D</string>
			</array>
			<key>isa</key>
			<string>PBXGroup</string>
			<key>name</key>
			<string>Frameworks</string>
			<key>sourceTree</key>
			<string>&lt;group&gt;</string>
		</dict>
		<key>7BE253091804CEC700F8009D</key>
		<dict>
			<key>isa</key>
			<string>PBXFileReference</string>
			<key>lastKnownFileType</key>
			<string>wrapper.framework</string>
			<key>name</key>
			<string>Foundation.framework</string>
			<key>path</key>
			<string>System/Library/Frameworks/Foundation.framework</string>
			<key>sourceTree</key>
			<string>SDKROOT</string>
		</dict>
		<key>7BE2530A1804CEC700F8009D</key>
		<dict>
			<key>fileRef</key>
			<string>7BE253091804CEC700F8009D</string>
			<key>isa</key>
			<string>PBXBuildFile</string>
		</dict>
		<key>7BE2530B1804CEC700F8009D</key>
		<dict>
			<key>isa</key>
			<string>PBXFileReference</string>
			<key>lastKnownFileType</key>
			<string>wrapper.framework</string>
			<key>name</key>
			<string>CoreGraphics.framework</string>
			<key>path</key>
			<string>System/Library/Frameworks/CoreGraphics.framework</string>
			<key>sourceTree</key>
			<string>SDKROOT</string>
		</dict>
		<key>7BE2530C1804CEC700F8009D</key>
		<dict>
			<key>fileRef</key>
			<string>7BE2530B1804CEC700F8009D</string>
			<key>isa</key>
			<string>PBXBuildFile</string>
		</dict>
		<key>7BE2530D1804CEC700F8009D</key>
		<dict>
			<key>isa</key>
			<string>PBXFileReference</string>
			<key>lastKnownFileType</key>
			<string>wrapper.framework</string>
			<key>name</key>
			<string>UIKit.framework</string>
			<key>path</key>
			<string>System/Library/Frameworks/UIKit.framework</string>
			<key>sourceTree</key>
			<string>SDKROOT</string>
		</dict>
		<key>7BE2530E1804CEC700F8009D</key>
		<dict>
			<key>fileRef</key>
			<string>7BE2530D1804CEC700F8009D</string>
			<key>isa</key>
			<string>PBXBuildFile</string>
		</dict>
		<key>7BE2530F1804CEC700F8009D</key>
		<dict>
			<key>isa</key>
			<string>PBXFileReference</string>
			<key>lastKnownFileType</key>
			<string>wrapper.framework</string>
			<key>name</key>
			<string>SpriteKit.framework</string>
			<key>path</key>
			<string>System/Library/Frameworks/SpriteKit.framework</string>
			<key>sourceTree</key>
			<string>SDKROOT</string>
		</dict>
		<key>7BE253101804CEC700F8009D</key>
		<dict>
			<key>fileRef</key>
			<string>7BE2530F1804CEC700F8009D</string>
			<key>isa</key>
			<string>PBXBuildFile</string>
		</dict>
		<key>7BE253111804CEC700F8009D</key>
		<dict>
			<key>children</key>
			<array>
				<string>7BE2531A1804CEC700F8009D</string>
				<string>7BE2531B1804CEC700F8009D</string>
				<string>7BE2531D1804CEC700F8009D</string>
				<string>7BE253201804CEC700F8009D</string>
				<string>7BE253211804CEC700F8009D</string>
				<string>7BE253231804CEC700F8009D</string>
				<string>7BE253241804CEC700F8009D</string>
				<string>7BB6EB3C18109B4300104585</string>
				<string>7BE253261804CEC700F8009D</string>
				<string>7BE253281804CEC700F8009D</string>
				<string>7BE253451804E9DD00F8009D</string>
				<string>7BE253121804CEC700F8009D</string>
			</array>
			<key>isa</key>
			<string>PBXGroup</string>
			<key>path</key>
			<string>ZombieCongaRW</string>
			<key>sourceTree</key>
			<string>&lt;group&gt;</string>
		</dict>
		<key>7BE253121804CEC700F8009D</key>
		<dict>
			<key>children</key>
			<array>
				<string>7BE253131804CEC700F8009D</string>
				<string>7BE253141804CEC700F8009D</string>
				<string>7BE253171804CEC700F8009D</string>
				<string>7BE253191804CEC700F8009D</string>
			</array>
			<key>isa</key>
			<string>PBXGroup</string>
			<key>name</key>
			<string>Supporting Files</string>
			<key>sourceTree</key>
			<string>&lt;group&gt;</string>
		</dict>
		<key>7BE253131804CEC700F8009D</key>
		<dict>
			<key>isa</key>
			<string>PBXFileReference</string>
			<key>lastKnownFileType</key>
			<string>text.plist.xml</string>
			<key>path</key>
			<string>ZombieCongaRW-Info.plist</string>
			<key>sourceTree</key>
			<string>&lt;group&gt;</string>
		</dict>
		<key>7BE253141804CEC700F8009D</key>
		<dict>
			<key>children</key>
			<array>
				<string>7BE253151804CEC700F8009D</string>
			</array>
			<key>isa</key>
			<string>PBXVariantGroup</string>
			<key>name</key>
			<string>InfoPlist.strings</string>
			<key>sourceTree</key>
			<string>&lt;group&gt;</string>
		</dict>
		<key>7BE253151804CEC700F8009D</key>
		<dict>
			<key>isa</key>
			<string>PBXFileReference</string>
			<key>lastKnownFileType</key>
			<string>text.plist.strings</string>
			<key>name</key>
			<string>en</string>
			<key>path</key>
			<string>en.lproj/InfoPlist.strings</string>
			<key>sourceTree</key>
			<string>&lt;group&gt;</string>
		</dict>
		<key>7BE253161804CEC700F8009D</key>
		<dict>
			<key>fileRef</key>
			<string>7BE253141804CEC700F8009D</string>
			<key>isa</key>
			<string>PBXBuildFile</string>
		</dict>
		<key>7BE253171804CEC700F8009D</key>
		<dict>
			<key>isa</key>
			<string>PBXFileReference</string>
			<key>lastKnownFileType</key>
			<string>sourcecode.c.objc</string>
			<key>path</key>
			<string>main.m</string>
			<key>sourceTree</key>
			<string>&lt;group&gt;</string>
		</dict>
		<key>7BE253181804CEC700F8009D</key>
		<dict>
			<key>fileRef</key>
			<string>7BE253171804CEC700F8009D</string>
			<key>isa</key>
			<string>PBXBuildFile</string>
		</dict>
		<key>7BE253191804CEC700F8009D</key>
		<dict>
			<key>isa</key>
			<string>PBXFileReference</string>
			<key>lastKnownFileType</key>
			<string>sourcecode.c.h</string>
			<key>path</key>
			<string>ZombieCongaRW-Prefix.pch</string>
			<key>sourceTree</key>
			<string>&lt;group&gt;</string>
		</dict>
		<key>7BE2531A1804CEC700F8009D</key>
		<dict>
			<key>isa</key>
			<string>PBXFileReference</string>
			<key>lastKnownFileType</key>
			<string>sourcecode.c.h</string>
			<key>path</key>
			<string>LIYAppDelegate.h</string>
			<key>sourceTree</key>
			<string>&lt;group&gt;</string>
		</dict>
		<key>7BE2531B1804CEC700F8009D</key>
		<dict>
			<key>isa</key>
			<string>PBXFileReference</string>
			<key>lastKnownFileType</key>
			<string>sourcecode.c.objc</string>
			<key>path</key>
			<string>LIYAppDelegate.m</string>
			<key>sourceTree</key>
			<string>&lt;group&gt;</string>
		</dict>
		<key>7BE2531C1804CEC700F8009D</key>
		<dict>
			<key>fileRef</key>
			<string>7BE2531B1804CEC700F8009D</string>
			<key>isa</key>
			<string>PBXBuildFile</string>
		</dict>
		<key>7BE2531D1804CEC700F8009D</key>
		<dict>
			<key>children</key>
			<array>
				<string>7BE2531E1804CEC700F8009D</string>
			</array>
			<key>isa</key>
			<string>PBXVariantGroup</string>
			<key>name</key>
			<string>Main.storyboard</string>
			<key>sourceTree</key>
			<string>&lt;group&gt;</string>
		</dict>
		<key>7BE2531E1804CEC700F8009D</key>
		<dict>
			<key>isa</key>
			<string>PBXFileReference</string>
			<key>lastKnownFileType</key>
			<string>file.storyboard</string>
			<key>name</key>
			<string>Base</string>
			<key>path</key>
			<string>Base.lproj/Main.storyboard</string>
			<key>sourceTree</key>
			<string>&lt;group&gt;</string>
		</dict>
		<key>7BE2531F1804CEC700F8009D</key>
		<dict>
			<key>fileRef</key>
			<string>7BE2531D1804CEC700F8009D</string>
			<key>isa</key>
			<string>PBXBuildFile</string>
		</dict>
		<key>7BE253201804CEC700F8009D</key>
		<dict>
			<key>isa</key>
			<string>PBXFileReference</string>
			<key>lastKnownFileType</key>
			<string>sourcecode.c.h</string>
			<key>path</key>
			<string>LIYViewController.h</string>
			<key>sourceTree</key>
			<string>&lt;group&gt;</string>
		</dict>
		<key>7BE253211804CEC700F8009D</key>
		<dict>
			<key>isa</key>
			<string>PBXFileReference</string>
			<key>lastKnownFileType</key>
			<string>sourcecode.c.objc</string>
			<key>path</key>
			<string>LIYViewController.m</string>
			<key>sourceTree</key>
			<string>&lt;group&gt;</string>
		</dict>
		<key>7BE253221804CEC700F8009D</key>
		<dict>
			<key>fileRef</key>
			<string>7BE253211804CEC700F8009D</string>
			<key>isa</key>
			<string>PBXBuildFile</string>
		</dict>
		<key>7BE253231804CEC700F8009D</key>
		<dict>
			<key>isa</key>
			<string>PBXFileReference</string>
			<key>lastKnownFileType</key>
			<string>sourcecode.c.h</string>
			<key>path</key>
			<string>LIYMyScene.h</string>
			<key>sourceTree</key>
			<string>&lt;group&gt;</string>
		</dict>
		<key>7BE253241804CEC700F8009D</key>
		<dict>
			<key>isa</key>
			<string>PBXFileReference</string>
			<key>lastKnownFileType</key>
			<string>sourcecode.c.objc</string>
			<key>path</key>
			<string>LIYMyScene.m</string>
			<key>sourceTree</key>
			<string>&lt;group&gt;</string>
		</dict>
		<key>7BE253251804CEC700F8009D</key>
		<dict>
			<key>fileRef</key>
			<string>7BE253241804CEC700F8009D</string>
			<key>isa</key>
			<string>PBXBuildFile</string>
		</dict>
		<key>7BE253261804CEC700F8009D</key>
		<dict>
			<key>isa</key>
			<string>PBXFileReference</string>
			<key>lastKnownFileType</key>
			<string>image.png</string>
			<key>path</key>
			<string>Spaceship.png</string>
			<key>sourceTree</key>
			<string>&lt;group&gt;</string>
		</dict>
		<key>7BE253271804CEC700F8009D</key>
		<dict>
			<key>fileRef</key>
			<string>7BE253261804CEC700F8009D</string>
			<key>isa</key>
			<string>PBXBuildFile</string>
		</dict>
		<key>7BE253281804CEC700F8009D</key>
		<dict>
			<key>isa</key>
			<string>PBXFileReference</string>
			<key>lastKnownFileType</key>
			<string>folder.assetcatalog</string>
			<key>path</key>
			<string>Images.xcassets</string>
			<key>sourceTree</key>
			<string>&lt;group&gt;</string>
		</dict>
		<key>7BE253291804CEC700F8009D</key>
		<dict>
			<key>fileRef</key>
			<string>7BE253281804CEC700F8009D</string>
			<key>isa</key>
			<string>PBXBuildFile</string>
		</dict>
		<key>7BE2532A1804CEC700F8009D</key>
		<dict>
			<key>buildActionMask</key>
			<string>2147483647</string>
			<key>files</key>
			<array>
				<string>7BE2533C1804CEC700F8009D</string>
			</array>
			<key>isa</key>
			<string>PBXSourcesBuildPhase</string>
			<key>runOnlyForDeploymentPostprocessing</key>
			<string>0</string>
		</dict>
		<key>7BE2532B1804CEC700F8009D</key>
		<dict>
			<key>buildActionMask</key>
			<string>2147483647</string>
			<key>files</key>
			<array>
				<string>7BE253301804CEC700F8009D</string>
				<string>7BE253321804CEC700F8009D</string>
				<string>7BE253311804CEC700F8009D</string>
			</array>
			<key>isa</key>
			<string>PBXFrameworksBuildPhase</string>
			<key>runOnlyForDeploymentPostprocessing</key>
			<string>0</string>
		</dict>
		<key>7BE2532C1804CEC700F8009D</key>
		<dict>
			<key>buildActionMask</key>
			<string>2147483647</string>
			<key>files</key>
			<array>
				<string>7BE2533A1804CEC700F8009D</string>
			</array>
			<key>isa</key>
			<string>PBXResourcesBuildPhase</string>
			<key>runOnlyForDeploymentPostprocessing</key>
			<string>0</string>
		</dict>
		<key>7BE2532D1804CEC700F8009D</key>
		<dict>
			<key>buildConfigurationList</key>
			<string>7BE253421804CEC800F8009D</string>
			<key>buildPhases</key>
			<array>
				<string>7BE2532A1804CEC700F8009D</string>
				<string>7BE2532B1804CEC700F8009D</string>
				<string>7BE2532C1804CEC700F8009D</string>
			</array>
			<key>buildRules</key>
			<array/>
			<key>dependencies</key>
			<array>
				<string>7BE253341804CEC700F8009D</string>
			</array>
			<key>isa</key>
			<string>PBXNativeTarget</string>
			<key>name</key>
			<string>ZombieCongaRWTests</string>
			<key>productName</key>
			<string>ZombieCongaRWTests</string>
			<key>productReference</key>
			<string>7BE2532E1804CEC700F8009D</string>
			<key>productType</key>
			<string>com.apple.product-type.bundle.unit-test</string>
		</dict>
		<key>7BE2532E1804CEC700F8009D</key>
		<dict>
			<key>explicitFileType</key>
			<string>wrapper.cfbundle</string>
			<key>includeInIndex</key>
			<string>0</string>
			<key>isa</key>
			<string>PBXFileReference</string>
			<key>path</key>
			<string>ZombieCongaRWTests.xctest</string>
			<key>sourceTree</key>
			<string>BUILT_PRODUCTS_DIR</string>
		</dict>
		<key>7BE2532F1804CEC700F8009D</key>
		<dict>
			<key>isa</key>
			<string>PBXFileReference</string>
			<key>lastKnownFileType</key>
			<string>wrapper.framework</string>
			<key>name</key>
			<string>XCTest.framework</string>
			<key>path</key>
			<string>Library/Frameworks/XCTest.framework</string>
			<key>sourceTree</key>
			<string>DEVELOPER_DIR</string>
		</dict>
		<key>7BE253301804CEC700F8009D</key>
		<dict>
			<key>fileRef</key>
			<string>7BE2532F1804CEC700F8009D</string>
			<key>isa</key>
			<string>PBXBuildFile</string>
		</dict>
		<key>7BE253311804CEC700F8009D</key>
		<dict>
			<key>fileRef</key>
			<string>7BE253091804CEC700F8009D</string>
			<key>isa</key>
			<string>PBXBuildFile</string>
		</dict>
		<key>7BE253321804CEC700F8009D</key>
		<dict>
			<key>fileRef</key>
			<string>7BE2530D1804CEC700F8009D</string>
			<key>isa</key>
			<string>PBXBuildFile</string>
		</dict>
		<key>7BE253331804CEC700F8009D</key>
		<dict>
			<key>containerPortal</key>
			<string>7BE252FE1804CEC700F8009D</string>
			<key>isa</key>
			<string>PBXContainerItemProxy</string>
			<key>proxyType</key>
			<string>1</string>
			<key>remoteGlobalIDString</key>
			<string>7BE253051804CEC700F8009D</string>
			<key>remoteInfo</key>
			<string>ZombieCongaRW</string>
		</dict>
		<key>7BE253341804CEC700F8009D</key>
		<dict>
			<key>isa</key>
			<string>PBXTargetDependency</string>
			<key>target</key>
			<string>7BE253051804CEC700F8009D</string>
			<key>targetProxy</key>
			<string>7BE253331804CEC700F8009D</string>
		</dict>
		<key>7BE253351804CEC700F8009D</key>
		<dict>
			<key>children</key>
			<array>
				<string>7BE2533B1804CEC700F8009D</string>
				<string>7BE253361804CEC700F8009D</string>
			</array>
			<key>isa</key>
			<string>PBXGroup</string>
			<key>path</key>
			<string>ZombieCongaRWTests</string>
			<key>sourceTree</key>
			<string>&lt;group&gt;</string>
		</dict>
		<key>7BE253361804CEC700F8009D</key>
		<dict>
			<key>children</key>
			<array>
				<string>7BE253371804CEC700F8009D</string>
				<string>7BE253381804CEC700F8009D</string>
			</array>
			<key>isa</key>
			<string>PBXGroup</string>
			<key>name</key>
			<string>Supporting Files</string>
			<key>sourceTree</key>
			<string>&lt;group&gt;</string>
		</dict>
		<key>7BE253371804CEC700F8009D</key>
		<dict>
			<key>isa</key>
			<string>PBXFileReference</string>
			<key>lastKnownFileType</key>
			<string>text.plist.xml</string>
			<key>path</key>
			<string>ZombieCongaRWTests-Info.plist</string>
			<key>sourceTree</key>
			<string>&lt;group&gt;</string>
		</dict>
		<key>7BE253381804CEC700F8009D</key>
		<dict>
			<key>children</key>
			<array>
				<string>7BE253391804CEC700F8009D</string>
			</array>
			<key>isa</key>
			<string>PBXVariantGroup</string>
			<key>name</key>
			<string>InfoPlist.strings</string>
			<key>sourceTree</key>
			<string>&lt;group&gt;</string>
		</dict>
		<key>7BE253391804CEC700F8009D</key>
		<dict>
			<key>isa</key>
			<string>PBXFileReference</string>
			<key>lastKnownFileType</key>
			<string>text.plist.strings</string>
			<key>name</key>
			<string>en</string>
			<key>path</key>
			<string>en.lproj/InfoPlist.strings</string>
			<key>sourceTree</key>
			<string>&lt;group&gt;</string>
		</dict>
		<key>7BE2533A1804CEC700F8009D</key>
		<dict>
			<key>fileRef</key>
			<string>7BE253381804CEC700F8009D</string>
			<key>isa</key>
			<string>PBXBuildFile</string>
		</dict>
		<key>7BE2533B1804CEC700F8009D</key>
		<dict>
			<key>isa</key>
			<string>PBXFileReference</string>
			<key>lastKnownFileType</key>
			<string>sourcecode.c.objc</string>
			<key>path</key>
			<string>ZombieCongaRWTests.m</string>
			<key>sourceTree</key>
			<string>&lt;group&gt;</string>
		</dict>
		<key>7BE2533C1804CEC700F8009D</key>
		<dict>
			<key>fileRef</key>
			<string>7BE2533B1804CEC700F8009D</string>
			<key>isa</key>
			<string>PBXBuildFile</string>
		</dict>
		<key>7BE2533D1804CEC800F8009D</key>
		<dict>
			<key>buildSettings</key>
			<dict>
				<key>ALWAYS_SEARCH_USER_PATHS</key>
				<string>NO</string>
				<key>ARCHS</key>
				<string>$(ARCHS_STANDARD_INCLUDING_64_BIT)</string>
				<key>CLANG_CXX_LANGUAGE_STANDARD</key>
				<string>gnu++0x</string>
				<key>CLANG_CXX_LIBRARY</key>
				<string>libc++</string>
				<key>CLANG_ENABLE_MODULES</key>
				<string>YES</string>
				<key>CLANG_ENABLE_OBJC_ARC</key>
				<string>YES</string>
				<key>CLANG_WARN_BOOL_CONVERSION</key>
				<string>YES</string>
				<key>CLANG_WARN_CONSTANT_CONVERSION</key>
				<string>YES</string>
				<key>CLANG_WARN_DIRECT_OBJC_ISA_USAGE</key>
				<string>YES_ERROR</string>
				<key>CLANG_WARN_EMPTY_BODY</key>
				<string>YES</string>
				<key>CLANG_WARN_ENUM_CONVERSION</key>
				<string>YES</string>
				<key>CLANG_WARN_INT_CONVERSION</key>
				<string>YES</string>
				<key>CLANG_WARN_OBJC_ROOT_CLASS</key>
				<string>YES_ERROR</string>
				<key>CLANG_WARN__DUPLICATE_METHOD_MATCH</key>
				<string>YES</string>
				<key>CODE_SIGN_IDENTITY[sdk=iphoneos*]</key>
				<string>iPhone Developer</string>
				<key>COPY_PHASE_STRIP</key>
				<string>NO</string>
				<key>GCC_C_LANGUAGE_STANDARD</key>
				<string>gnu99</string>
				<key>GCC_DYNAMIC_NO_PIC</key>
				<string>NO</string>
				<key>GCC_OPTIMIZATION_LEVEL</key>
				<string>0</string>
				<key>GCC_PREPROCESSOR_DEFINITIONS</key>
				<array>
					<string>DEBUG=1</string>
					<string>$(inherited)</string>
				</array>
				<key>GCC_SYMBOLS_PRIVATE_EXTERN</key>
				<string>NO</string>
				<key>GCC_WARN_64_TO_32_BIT_CONVERSION</key>
				<string>YES</string>
				<key>GCC_WARN_ABOUT_RETURN_TYPE</key>
				<string>YES_ERROR</string>
				<key>GCC_WARN_UNDECLARED_SELECTOR</key>
				<string>YES</string>
				<key>GCC_WARN_UNINITIALIZED_AUTOS</key>
				<string>YES</string>
				<key>GCC_WARN_UNUSED_FUNCTION</key>
				<string>YES</string>
				<key>GCC_WARN_UNUSED_VARIABLE</key>
				<string>YES</string>
				<key>IPHONEOS_DEPLOYMENT_TARGET</key>
				<string>7.0</string>
				<key>ONLY_ACTIVE_ARCH</key>
				<string>YES</string>
				<key>SDKROOT</key>
				<string>iphoneos</string>
			</dict>
			<key>isa</key>
			<string>XCBuildConfiguration</string>
			<key>name</key>
			<string>Debug</string>
		</dict>
		<key>7BE2533E1804CEC800F8009D</key>
		<dict>
			<key>buildSettings</key>
			<dict>
				<key>ALWAYS_SEARCH_USER_PATHS</key>
				<string>NO</string>
				<key>ARCHS</key>
				<string>$(ARCHS_STANDARD_INCLUDING_64_BIT)</string>
				<key>CLANG_CXX_LANGUAGE_STANDARD</key>
				<string>gnu++0x</string>
				<key>CLANG_CXX_LIBRARY</key>
				<string>libc++</string>
				<key>CLANG_ENABLE_MODULES</key>
				<string>YES</string>
				<key>CLANG_ENABLE_OBJC_ARC</key>
				<string>YES</string>
				<key>CLANG_WARN_BOOL_CONVERSION</key>
				<string>YES</string>
				<key>CLANG_WARN_CONSTANT_CONVERSION</key>
				<string>YES</string>
				<key>CLANG_WARN_DIRECT_OBJC_ISA_USAGE</key>
				<string>YES_ERROR</string>
				<key>CLANG_WARN_EMPTY_BODY</key>
				<string>YES</string>
				<key>CLANG_WARN_ENUM_CONVERSION</key>
				<string>YES</string>
				<key>CLANG_WARN_INT_CONVERSION</key>
				<string>YES</string>
				<key>CLANG_WARN_OBJC_ROOT_CLASS</key>
				<string>YES_ERROR</string>
				<key>CLANG_WARN__DUPLICATE_METHOD_MATCH</key>
				<string>YES</string>
				<key>CODE_SIGN_IDENTITY[sdk=iphoneos*]</key>
				<string>iPhone Developer</string>
				<key>COPY_PHASE_STRIP</key>
				<string>YES</string>
				<key>ENABLE_NS_ASSERTIONS</key>
				<string>NO</string>
				<key>GCC_C_LANGUAGE_STANDARD</key>
				<string>gnu99</string>
				<key>GCC_WARN_64_TO_32_BIT_CONVERSION</key>
				<string>YES</string>
				<key>GCC_WARN_ABOUT_RETURN_TYPE</key>
				<string>YES_ERROR</string>
				<key>GCC_WARN_UNDECLARED_SELECTOR</key>
				<string>YES</string>
				<key>GCC_WARN_UNINITIALIZED_AUTOS</key>
				<string>YES</string>
				<key>GCC_WARN_UNUSED_FUNCTION</key>
				<string>YES</string>
				<key>GCC_WARN_UNUSED_VARIABLE</key>
				<string>YES</string>
				<key>IPHONEOS_DEPLOYMENT_TARGET</key>
				<string>7.0</string>
				<key>SDKROOT</key>
				<string>iphoneos</string>
				<key>VALIDATE_PRODUCT</key>
				<string>YES</string>
			</dict>
			<key>isa</key>
			<string>XCBuildConfiguration</string>
			<key>name</key>
			<string>Release</string>
		</dict>
		<key>7BE2533F1804CEC800F8009D</key>
		<dict>
			<key>buildConfigurations</key>
			<array>
				<string>7BE253401804CEC800F8009D</string>
				<string>7BE253411804CEC800F8009D</string>
			</array>
			<key>defaultConfigurationIsVisible</key>
			<string>0</string>
			<key>defaultConfigurationName</key>
			<string>Release</string>
			<key>isa</key>
			<string>XCConfigurationList</string>
		</dict>
		<key>7BE253401804CEC800F8009D</key>
		<dict>
			<key>buildSettings</key>
			<dict>
				<key>ASSETCATALOG_COMPILER_APPICON_NAME</key>
				<string>AppIcon</string>
				<key>ASSETCATALOG_COMPILER_LAUNCHIMAGE_NAME</key>
				<string>LaunchImage</string>
				<key>GCC_PRECOMPILE_PREFIX_HEADER</key>
				<string>YES</string>
				<key>GCC_PREFIX_HEADER</key>
				<string>ZombieCongaRW/ZombieCongaRW-Prefix.pch</string>
				<key>INFOPLIST_FILE</key>
				<string>ZombieCongaRW/ZombieCongaRW-Info.plist</string>
				<key>PRODUCT_NAME</key>
				<string>$(TARGET_NAME)</string>
				<key>SPRITEKIT_TEXTURE_ATLAS_OUTPUT</key>
				<string>YES</string>
				<key>WRAPPER_EXTENSION</key>
				<string>app</string>
			</dict>
			<key>isa</key>
			<string>XCBuildConfiguration</string>
			<key>name</key>
			<string>Debug</string>
		</dict>
		<key>7BE253411804CEC800F8009D</key>
		<dict>
			<key>buildSettings</key>
			<dict>
				<key>ASSETCATALOG_COMPILER_APPICON_NAME</key>
				<string>AppIcon</string>
				<key>ASSETCATALOG_COMPILER_LAUNCHIMAGE_NAME</key>
				<string>LaunchImage</string>
				<key>GCC_PRECOMPILE_PREFIX_HEADER</key>
				<string>YES</string>
				<key>GCC_PREFIX_HEADER</key>
				<string>ZombieCongaRW/ZombieCongaRW-Prefix.pch</string>
				<key>INFOPLIST_FILE</key>
				<string>ZombieCongaRW/ZombieCongaRW-Info.plist</string>
				<key>PRODUCT_NAME</key>
				<string>$(TARGET_NAME)</string>
				<key>SPRITEKIT_TEXTURE_ATLAS_OUTPUT</key>
				<string>YES</string>
				<key>WRAPPER_EXTENSION</key>
				<string>app</string>
			</dict>
			<key>isa</key>
			<string>XCBuildConfiguration</string>
			<key>name</key>
			<string>Release</string>
		</dict>
		<key>7BE253421804CEC800F8009D</key>
		<dict>
			<key>buildConfigurations</key>
			<array>
				<string>7BE253431804CEC800F8009D</string>
				<string>7BE253441804CEC800F8009D</string>
			</array>
			<key>defaultConfigurationIsVisible</key>
			<string>0</string>
			<key>defaultConfigurationName</key>
			<string>Release</string>
			<key>isa</key>
			<string>XCConfigurationList</string>
		</dict>
		<key>7BE253431804CEC800F8009D</key>
		<dict>
			<key>buildSettings</key>
			<dict>
				<key>ARCHS</key>
				<string>$(ARCHS_STANDARD_INCLUDING_64_BIT)</string>
				<key>BUNDLE_LOADER</key>
				<string>$(BUILT_PRODUCTS_DIR)/ZombieCongaRW.app/ZombieCongaRW</string>
				<key>FRAMEWORK_SEARCH_PATHS</key>
				<array>
					<string>$(SDKROOT)/Developer/Library/Frameworks</string>
					<string>$(inherited)</string>
					<string>$(DEVELOPER_FRAMEWORKS_DIR)</string>
				</array>
				<key>GCC_PRECOMPILE_PREFIX_HEADER</key>
				<string>YES</string>
				<key>GCC_PREFIX_HEADER</key>
				<string>ZombieCongaRW/ZombieCongaRW-Prefix.pch</string>
				<key>GCC_PREPROCESSOR_DEFINITIONS</key>
				<array>
					<string>DEBUG=1</string>
					<string>$(inherited)</string>
				</array>
				<key>INFOPLIST_FILE</key>
				<string>ZombieCongaRWTests/ZombieCongaRWTests-Info.plist</string>
				<key>PRODUCT_NAME</key>
				<string>$(TARGET_NAME)</string>
				<key>TEST_HOST</key>
				<string>$(BUNDLE_LOADER)</string>
				<key>WRAPPER_EXTENSION</key>
				<string>xctest</string>
			</dict>
			<key>isa</key>
			<string>XCBuildConfiguration</string>
			<key>name</key>
			<string>Debug</string>
		</dict>
		<key>7BE253441804CEC800F8009D</key>
		<dict>
			<key>buildSettings</key>
			<dict>
				<key>ARCHS</key>
				<string>$(ARCHS_STANDARD_INCLUDING_64_BIT)</string>
				<key>BUNDLE_LOADER</key>
				<string>$(BUILT_PRODUCTS_DIR)/ZombieCongaRW.app/ZombieCongaRW</string>
				<key>FRAMEWORK_SEARCH_PATHS</key>
				<array>
					<string>$(SDKROOT)/Developer/Library/Frameworks</string>
					<string>$(inherited)</string>
					<string>$(DEVELOPER_FRAMEWORKS_DIR)</string>
				</array>
				<key>GCC_PRECOMPILE_PREFIX_HEADER</key>
				<string>YES</string>
				<key>GCC_PREFIX_HEADER</key>
				<string>ZombieCongaRW/ZombieCongaRW-Prefix.pch</string>
				<key>INFOPLIST_FILE</key>
				<string>ZombieCongaRWTests/ZombieCongaRWTests-Info.plist</string>
				<key>PRODUCT_NAME</key>
				<string>$(TARGET_NAME)</string>
				<key>TEST_HOST</key>
				<string>$(BUNDLE_LOADER)</string>
				<key>WRAPPER_EXTENSION</key>
				<string>xctest</string>
			</dict>
			<key>isa</key>
			<string>XCBuildConfiguration</string>
			<key>name</key>
			<string>Release</string>
		</dict>
		<key>7BE253451804E9DD00F8009D</key>
		<dict>
			<key>children</key>
			<array>
				<string>7BE253461804E9DD00F8009D</string>
				<string>7BE2534F1804E9DD00F8009D</string>
				<string>7BE253551804E9DD00F8009D</string>
			</array>
			<key>isa</key>
			<string>PBXGroup</string>
			<key>path</key>
			<string>Art</string>
			<key>sourceTree</key>
			<string>&lt;group&gt;</string>
		</dict>
		<key>7BE253461804E9DD00F8009D</key>
		<dict>
			<key>children</key>
			<array>
				<string>7BE253471804E9DD00F8009D</string>
				<string>7BE253481804E9DD00F8009D</string>
				<string>7BE253491804E9DD00F8009D</string>
				<string>7BE2534A1804E9DD00F8009D</string>
				<string>7BE2534B1804E9DD00F8009D</string>
				<string>7BE2534C1804E9DD00F8009D</string>
				<string>7BE2534D1804E9DD00F8009D</string>
				<string>7BE2534E1804E9DD00F8009D</string>
			</array>
			<key>isa</key>
			<string>PBXGroup</string>
			<key>path</key>
			<string>Backgrounds</string>
			<key>sourceTree</key>
			<string>&lt;group&gt;</string>
		</dict>
		<key>7BE253471804E9DD00F8009D</key>
		<dict>
			<key>isa</key>
			<string>PBXFileReference</string>
			<key>lastKnownFileType</key>
			<string>image.png</string>
			<key>path</key>
			<string>background.png</string>
			<key>sourceTree</key>
			<string>&lt;group&gt;</string>
		</dict>
		<key>7BE253481804E9DD00F8009D</key>
		<dict>
			<key>isa</key>
			<string>PBXFileReference</string>
			<key>lastKnownFileType</key>
			<string>image.png</string>
			<key>path</key>
			<string>background@2x.png</string>
			<key>sourceTree</key>
			<string>&lt;group&gt;</string>
		</dict>
		<key>7BE253491804E9DD00F8009D</key>
		<dict>
			<key>isa</key>
			<string>PBXFileReference</string>
			<key>lastKnownFileType</key>
			<string>image.png</string>
			<key>path</key>
			<string>MainMenu.png</string>
			<key>sourceTree</key>
			<string>&lt;group&gt;</string>
		</dict>
		<key>7BE2534A1804E9DD00F8009D</key>
		<dict>
			<key>isa</key>
			<string>PBXFileReference</string>
			<key>lastKnownFileType</key>
			<string>image.png</string>
			<key>path</key>
			<string>MainMenu@2x.png</string>
			<key>sourceTree</key>
			<string>&lt;group&gt;</string>
		</dict>
		<key>7BE2534B1804E9DD00F8009D</key>
		<dict>
			<key>isa</key>
			<string>PBXFileReference</string>
			<key>lastKnownFileType</key>
			<string>image.png</string>
			<key>path</key>
			<string>YouLose.png</string>
			<key>sourceTree</key>
			<string>&lt;group&gt;</string>
		</dict>
		<key>7BE2534C1804E9DD00F8009D</key>
		<dict>
			<key>isa</key>
			<string>PBXFileReference</string>
			<key>lastKnownFileType</key>
			<string>image.png</string>
			<key>path</key>
			<string>YouLose@2x.png</string>
			<key>sourceTree</key>
			<string>&lt;group&gt;</string>
		</dict>
		<key>7BE2534D1804E9DD00F8009D</key>
		<dict>
			<key>isa</key>
			<string>PBXFileReference</string>
			<key>lastKnownFileType</key>
			<string>image.png</string>
			<key>path</key>
			<string>YouWin.png</string>
			<key>sourceTree</key>
			<string>&lt;group&gt;</string>
		</dict>
		<key>7BE2534E1804E9DD00F8009D</key>
		<dict>
			<key>isa</key>
			<string>PBXFileReference</string>
			<key>lastKnownFileType</key>
			<string>image.png</string>
			<key>path</key>
			<string>YouWin@2x.png</string>
			<key>sourceTree</key>
			<string>&lt;group&gt;</string>
		</dict>
		<key>7BE2534F1804E9DD00F8009D</key>
		<dict>
			<key>children</key>
			<array>
				<string>7BE253501804E9DD00F8009D</string>
				<string>7BE253511804E9DD00F8009D</string>
				<string>7BE253521804E9DD00F8009D</string>
				<string>7BE253531804E9DD00F8009D</string>
				<string>7BE253541804E9DD00F8009D</string>
			</array>
			<key>isa</key>
			<string>PBXGroup</string>
			<key>path</key>
			<string>Sounds</string>
			<key>sourceTree</key>
			<string>&lt;group&gt;</string>
		</dict>
		<key>7BE253501804E9DD00F8009D</key>
		<dict>
			<key>isa</key>
			<string>PBXFileReference</string>
			<key>lastKnownFileType</key>
			<string>audio.mp3</string>
			<key>path</key>
			<string>bgMusic.mp3</string>
			<key>sourceTree</key>
			<string>&lt;group&gt;</string>
		</dict>
		<key>7BE253511804E9DD00F8009D</key>
		<dict>
			<key>isa</key>
			<string>PBXFileReference</string>
			<key>lastKnownFileType</key>
			<string>audio.wav</string>
			<key>path</key>
			<string>hitCat.wav</string>
			<key>sourceTree</key>
			<string>&lt;group&gt;</string>
		</dict>
		<key>7BE253521804E9DD00F8009D</key>
		<dict>
			<key>isa</key>
			<string>PBXFileReference</string>
			<key>lastKnownFileType</key>
			<string>audio.wav</string>
			<key>path</key>
			<string>hitCatLady.wav</string>
			<key>sourceTree</key>
			<string>&lt;group&gt;</string>
		</dict>
		<key>7BE253531804E9DD00F8009D</key>
		<dict>
			<key>isa</key>
			<string>PBXFileReference</string>
			<key>lastKnownFileType</key>
			<string>audio.wav</string>
			<key>path</key>
			<string>lose.wav</string>
			<key>sourceTree</key>
			<string>&lt;group&gt;</string>
		</dict>
		<key>7BE253541804E9DD00F8009D</key>
		<dict>
			<key>isa</key>
			<string>PBXFileReference</string>
			<key>lastKnownFileType</key>
			<string>audio.wav</string>
			<key>path</key>
			<string>win.wav</string>
			<key>sourceTree</key>
			<string>&lt;group&gt;</string>
		</dict>
		<key>7BE253551804E9DD00F8009D</key>
		<dict>
			<key>children</key>
			<array>
				<string>7BE253561804E9DD00F8009D</string>
				<string>7BE253571804E9DD00F8009D</string>
				<string>7BE253581804E9DD00F8009D</string>
				<string>7BE253591804E9DD00F8009D</string>
				<string>7BE2535A1804E9DD00F8009D</string>
				<string>7BE2535B1804E9DD00F8009D</string>
				<string>7BE2535C1804E9DD00F8009D</string>
				<string>7BE2535D1804E9DD00F8009D</string>
				<string>7BE2535E1804E9DD00F8009D</string>
				<string>7BE2535F1804E9DD00F8009D</string>
				<string>7BE253601804E9DD00F8009D</string>
				<string>7BE253611804E9DD00F8009D</string>
			</array>
			<key>isa</key>
			<string>PBXGroup</string>
			<key>path</key>
			<string>sprites</string>
			<key>sourceTree</key>
			<string>&lt;group&gt;</string>
		</dict>
		<key>7BE253561804E9DD00F8009D</key>
		<dict>
			<key>isa</key>
			<string>PBXFileReference</string>
			<key>lastKnownFileType</key>
			<string>image.png</string>
			<key>path</key>
			<string>cat.png</string>
			<key>sourceTree</key>
			<string>&lt;group&gt;</string>
		</dict>
		<key>7BE253571804E9DD00F8009D</key>
		<dict>
			<key>isa</key>
			<string>PBXFileReference</string>
			<key>lastKnownFileType</key>
			<string>image.png</string>
			<key>path</key>
			<string>cat@2x.png</string>
			<key>sourceTree</key>
			<string>&lt;group&gt;</string>
		</dict>
		<key>7BE253581804E9DD00F8009D</key>
		<dict>
			<key>isa</key>
			<string>PBXFileReference</string>
			<key>lastKnownFileType</key>
			<string>image.png</string>
			<key>path</key>
			<string>enemy.png</string>
			<key>sourceTree</key>
			<string>&lt;group&gt;</string>
		</dict>
		<key>7BE253591804E9DD00F8009D</key>
		<dict>
			<key>isa</key>
			<string>PBXFileReference</string>
			<key>lastKnownFileType</key>
			<string>image.png</string>
			<key>path</key>
			<string>enemy@2x.png</string>
			<key>sourceTree</key>
			<string>&lt;group&gt;</string>
		</dict>
		<key>7BE2535A1804E9DD00F8009D</key>
		<dict>
			<key>isa</key>
			<string>PBXFileReference</string>
			<key>lastKnownFileType</key>
			<string>image.png</string>
			<key>path</key>
			<string>zombie1.png</string>
			<key>sourceTree</key>
			<string>&lt;group&gt;</string>
		</dict>
		<key>7BE2535B1804E9DD00F8009D</key>
		<dict>
			<key>isa</key>
			<string>PBXFileReference</string>
			<key>lastKnownFileType</key>
			<string>image.png</string>
			<key>path</key>
			<string>zombie1@2x.png</string>
			<key>sourceTree</key>
			<string>&lt;group&gt;</string>
		</dict>
		<key>7BE2535C1804E9DD00F8009D</key>
		<dict>
			<key>isa</key>
			<string>PBXFileReference</string>
			<key>lastKnownFileType</key>
			<string>image.png</string>
			<key>path</key>
			<string>zombie2.png</string>
			<key>sourceTree</key>
			<string>&lt;group&gt;</string>
		</dict>
		<key>7BE2535D1804E9DD00F8009D</key>
		<dict>
			<key>isa</key>
			<string>PBXFileReference</string>
			<key>lastKnownFileType</key>
			<string>image.png</string>
			<key>path</key>
			<string>zombie2@2x.png</string>
			<key>sourceTree</key>
			<string>&lt;group&gt;</string>
		</dict>
		<key>7BE2535E1804E9DD00F8009D</key>
		<dict>
			<key>isa</key>
			<string>PBXFileReference</string>
			<key>lastKnownFileType</key>
			<string>image.png</string>
			<key>path</key>
			<string>zombie3.png</string>
			<key>sourceTree</key>
			<string>&lt;group&gt;</string>
		</dict>
		<key>7BE2535F1804E9DD00F8009D</key>
		<dict>
			<key>isa</key>
			<string>PBXFileReference</string>
			<key>lastKnownFileType</key>
			<string>image.png</string>
			<key>path</key>
			<string>zombie3@2x.png</string>
			<key>sourceTree</key>
			<string>&lt;group&gt;</string>
		</dict>
		<key>7BE253601804E9DD00F8009D</key>
		<dict>
			<key>isa</key>
			<string>PBXFileReference</string>
			<key>lastKnownFileType</key>
			<string>image.png</string>
			<key>path</key>
			<string>zombie4.png</string>
			<key>sourceTree</key>
			<string>&lt;group&gt;</string>
		</dict>
		<key>7BE253611804E9DD00F8009D</key>
		<dict>
			<key>isa</key>
			<string>PBXFileReference</string>
			<key>lastKnownFileType</key>
			<string>image.png</string>
			<key>path</key>
			<string>zombie4@2x.png</string>
			<key>sourceTree</key>
			<string>&lt;group&gt;</string>
		</dict>
		<key>7BE253621804E9DD00F8009D</key>
		<dict>
			<key>fileRef</key>
			<string>7BE253471804E9DD00F8009D</string>
			<key>isa</key>
			<string>PBXBuildFile</string>
		</dict>
		<key>7BE253631804E9DD00F8009D</key>
		<dict>
			<key>fileRef</key>
			<string>7BE253481804E9DD00F8009D</string>
			<key>isa</key>
			<string>PBXBuildFile</string>
		</dict>
		<key>7BE253641804E9DD00F8009D</key>
		<dict>
			<key>fileRef</key>
			<string>7BE253491804E9DD00F8009D</string>
			<key>isa</key>
			<string>PBXBuildFile</string>
		</dict>
		<key>7BE253651804E9DD00F8009D</key>
		<dict>
			<key>fileRef</key>
			<string>7BE2534A1804E9DD00F8009D</string>
			<key>isa</key>
			<string>PBXBuildFile</string>
		</dict>
		<key>7BE253661804E9DD00F8009D</key>
		<dict>
			<key>fileRef</key>
			<string>7BE2534B1804E9DD00F8009D</string>
			<key>isa</key>
			<string>PBXBuildFile</string>
		</dict>
		<key>7BE253671804E9DD00F8009D</key>
		<dict>
			<key>fileRef</key>
			<string>7BE2534C1804E9DD00F8009D</string>
			<key>isa</key>
			<string>PBXBuildFile</string>
		</dict>
		<key>7BE253681804E9DD00F8009D</key>
		<dict>
			<key>fileRef</key>
			<string>7BE2534D1804E9DD00F8009D</string>
			<key>isa</key>
			<string>PBXBuildFile</string>
		</dict>
		<key>7BE253691804E9DD00F8009D</key>
		<dict>
			<key>fileRef</key>
			<string>7BE2534E1804E9DD00F8009D</string>
			<key>isa</key>
			<string>PBXBuildFile</string>
		</dict>
		<key>7BE2536A1804E9DD00F8009D</key>
		<dict>
			<key>fileRef</key>
			<string>7BE253501804E9DD00F8009D</string>
			<key>isa</key>
			<string>PBXBuildFile</string>
		</dict>
		<key>7BE2536B1804E9DD00F8009D</key>
		<dict>
			<key>fileRef</key>
			<string>7BE253511804E9DD00F8009D</string>
			<key>isa</key>
			<string>PBXBuildFile</string>
		</dict>
		<key>7BE2536C1804E9DD00F8009D</key>
		<dict>
			<key>fileRef</key>
			<string>7BE253521804E9DD00F8009D</string>
			<key>isa</key>
			<string>PBXBuildFile</string>
		</dict>
		<key>7BE2536D1804E9DD00F8009D</key>
		<dict>
			<key>fileRef</key>
			<string>7BE253531804E9DD00F8009D</string>
			<key>isa</key>
			<string>PBXBuildFile</string>
		</dict>
		<key>7BE2536E1804E9DD00F8009D</key>
		<dict>
			<key>fileRef</key>
			<string>7BE253541804E9DD00F8009D</string>
			<key>isa</key>
			<string>PBXBuildFile</string>
		</dict>
		<key>7BE2536F1804E9DD00F8009D</key>
		<dict>
			<key>fileRef</key>
			<string>7BE253561804E9DD00F8009D</string>
			<key>isa</key>
			<string>PBXBuildFile</string>
		</dict>
		<key>7BE253701804E9DD00F8009D</key>
		<dict>
			<key>fileRef</key>
			<string>7BE253571804E9DD00F8009D</string>
			<key>isa</key>
			<string>PBXBuildFile</string>
		</dict>
		<key>7BE253711804E9DD00F8009D</key>
		<dict>
			<key>fileRef</key>
			<string>7BE253581804E9DD00F8009D</string>
			<key>isa</key>
			<string>PBXBuildFile</string>
		</dict>
		<key>7BE253721804E9DD00F8009D</key>
		<dict>
			<key>fileRef</key>
			<string>7BE253591804E9DD00F8009D</string>
			<key>isa</key>
			<string>PBXBuildFile</string>
		</dict>
		<key>7BE253731804E9DD00F8009D</key>
		<dict>
			<key>fileRef</key>
			<string>7BE2535A1804E9DD00F8009D</string>
			<key>isa</key>
			<string>PBXBuildFile</string>
		</dict>
		<key>7BE253741804E9DD00F8009D</key>
		<dict>
			<key>fileRef</key>
			<string>7BE2535B1804E9DD00F8009D</string>
			<key>isa</key>
			<string>PBXBuildFile</string>
		</dict>
		<key>7BE253751804E9DD00F8009D</key>
		<dict>
			<key>fileRef</key>
			<string>7BE2535C1804E9DD00F8009D</string>
			<key>isa</key>
			<string>PBXBuildFile</string>
		</dict>
		<key>7BE253761804E9DD00F8009D</key>
		<dict>
			<key>fileRef</key>
			<string>7BE2535D1804E9DD00F8009D</string>
			<key>isa</key>
			<string>PBXBuildFile</string>
		</dict>
		<key>7BE253771804E9DD00F8009D</key>
		<dict>
			<key>fileRef</key>
			<string>7BE2535E1804E9DD00F8009D</string>
			<key>isa</key>
			<string>PBXBuildFile</string>
		</dict>
		<key>7BE253781804E9DD00F8009D</key>
		<dict>
			<key>fileRef</key>
			<string>7BE2535F1804E9DD00F8009D</string>
			<key>isa</key>
			<string>PBXBuildFile</string>
		</dict>
		<key>7BE253791804E9DD00F8009D</key>
		<dict>
			<key>fileRef</key>
			<string>7BE253601804E9DD00F8009D</string>
			<key>isa</key>
			<string>PBXBuildFile</string>
		</dict>
		<key>7BE2537A1804E9DD00F8009D</key>
		<dict>
			<key>fileRef</key>
			<string>7BE253611804E9DD00F8009D</string>
			<key>isa</key>
			<string>PBXBuildFile</string>
		</dict>
	</dict>
	<key>rootObject</key>
	<string>7BE252FE1804CEC700F8009D</string>
</dict>
</plist>
